// !$*UTF8*$!
{
	archiveVersion = 1;
	classes = {
	};
	objectVersion = 46;
	objects = {

/* Begin PBXBuildFile section */
		A20B93681B40EEAC00B436DE /* AppDelegate.swift in Sources */ = {isa = PBXBuildFile; fileRef = A20B93671B40EEAC00B436DE /* AppDelegate.swift */; };
		A20B936A1B40EEAC00B436DE /* ViewController.swift in Sources */ = {isa = PBXBuildFile; fileRef = A20B93691B40EEAC00B436DE /* ViewController.swift */; };
		A20B936D1B40EEAC00B436DE /* Main.storyboard in Resources */ = {isa = PBXBuildFile; fileRef = A20B936B1B40EEAC00B436DE /* Main.storyboard */; };
		A20B936F1B40EEAC00B436DE /* Images.xcassets in Resources */ = {isa = PBXBuildFile; fileRef = A20B936E1B40EEAC00B436DE /* Images.xcassets */; };
		A20B93721B40EEAC00B436DE /* LaunchScreen.xib in Resources */ = {isa = PBXBuildFile; fileRef = A20B93701B40EEAC00B436DE /* LaunchScreen.xib */; };
		A20B937E1B40EEAC00B436DE /* CustomRefreshTests.swift in Sources */ = {isa = PBXBuildFile; fileRef = A20B937D1B40EEAC00B436DE /* CustomRefreshTests.swift */; };
/* End PBXBuildFile section */

/* Begin PBXContainerItemProxy section */
		A20B93781B40EEAC00B436DE /* PBXContainerItemProxy */ = {
			isa = PBXContainerItemProxy;
			containerPortal = A20B935A1B40EEAC00B436DE /* Project object */;
			proxyType = 1;
			remoteGlobalIDString = A20B93611B40EEAC00B436DE;
			remoteInfo = CustomRefresh;
		};
/* End PBXContainerItemProxy section */

/* Begin PBXFileReference section */
		A20B93621B40EEAC00B436DE /* CustomRefresh.app */ = {isa = PBXFileReference; explicitFileType = wrapper.application; includeInIndex = 0; path = CustomRefresh.app; sourceTree = BUILT_PRODUCTS_DIR; };
		A20B93661B40EEAC00B436DE /* Info.plist */ = {isa = PBXFileReference; lastKnownFileType = text.plist.xml; path = Info.plist; sourceTree = "<group>"; };
		A20B93671B40EEAC00B436DE /* AppDelegate.swift */ = {isa = PBXFileReference; lastKnownFileType = sourcecode.swift; path = AppDelegate.swift; sourceTree = "<group>"; };
		A20B93691B40EEAC00B436DE /* ViewController.swift */ = {isa = PBXFileReference; lastKnownFileType = sourcecode.swift; path = ViewController.swift; sourceTree = "<group>"; };
		A20B936C1B40EEAC00B436DE /* Base */ = {isa = PBXFileReference; lastKnownFileType = file.storyboard; name = Base; path = Base.lproj/Main.storyboard; sourceTree = "<group>"; };
		A20B936E1B40EEAC00B436DE /* Images.xcassets */ = {isa = PBXFileReference; lastKnownFileType = folder.assetcatalog; path = Images.xcassets; sourceTree = "<group>"; };
		A20B93711B40EEAC00B436DE /* Base */ = {isa = PBXFileReference; lastKnownFileType = file.xib; name = Base; path = Base.lproj/LaunchScreen.xib; sourceTree = "<group>"; };
		A20B93771B40EEAC00B436DE /* CustomRefreshTests.xctest */ = {isa = PBXFileReference; explicitFileType = wrapper.cfbundle; includeInIndex = 0; path = CustomRefreshTests.xctest; sourceTree = BUILT_PRODUCTS_DIR; };
		A20B937C1B40EEAC00B436DE /* Info.plist */ = {isa = PBXFileReference; lastKnownFileType = text.plist.xml; path = Info.plist; sourceTree = "<group>"; };
		A20B937D1B40EEAC00B436DE /* CustomRefreshTests.swift */ = {isa = PBXFileReference; lastKnownFileType = sourcecode.swift; path = CustomRefreshTests.swift; sourceTree = "<group>"; };
/* End PBXFileReference section */

/* Begin PBXFrameworksBuildPhase section */
		A20B935F1B40EEAC00B436DE /* Frameworks */ = {
			isa = PBXFrameworksBuildPhase;
			buildActionMask = 2147483647;
			files = (
			);
			runOnlyForDeploymentPostprocessing = 0;
		};
		A20B93741B40EEAC00B436DE /* Frameworks */ = {
			isa = PBXFrameworksBuildPhase;
			buildActionMask = 2147483647;
			files = (
			);
			runOnlyForDeploymentPostprocessing = 0;
		};
/* End PBXFrameworksBuildPhase section */

/* Begin PBXGroup section */
		A20B93591B40EEAC00B436DE = {
			isa = PBXGroup;
			children = (
				A20B93641B40EEAC00B436DE /* CustomRefresh */,
				A20B937A1B40EEAC00B436DE /* CustomRefreshTests */,
				A20B93631B40EEAC00B436DE /* Products */,
			);
			sourceTree = "<group>";
		};
		A20B93631B40EEAC00B436DE /* Products */ = {
			isa = PBXGroup;
			children = (
				A20B93621B40EEAC00B436DE /* CustomRefresh.app */,
				A20B93771B40EEAC00B436DE /* CustomRefreshTests.xctest */,
			);
			name = Products;
			sourceTree = "<group>";
		};
		A20B93641B40EEAC00B436DE /* CustomRefresh */ = {
			isa = PBXGroup;
			children = (
				A20B93671B40EEAC00B436DE /* AppDelegate.swift */,
				A20B93691B40EEAC00B436DE /* ViewController.swift */,
				A20B936B1B40EEAC00B436DE /* Main.storyboard */,
				A20B936E1B40EEAC00B436DE /* Images.xcassets */,
				A20B93701B40EEAC00B436DE /* LaunchScreen.xib */,
				A20B93651B40EEAC00B436DE /* Supporting Files */,
			);
			path = CustomRefresh;
			sourceTree = "<group>";
		};
		A20B93651B40EEAC00B436DE /* Supporting Files */ = {
			isa = PBXGroup;
			children = (
				A20B93661B40EEAC00B436DE /* Info.plist */,
			);
			name = "Supporting Files";
			sourceTree = "<group>";
		};
		A20B937A1B40EEAC00B436DE /* CustomRefreshTests */ = {
			isa = PBXGroup;
			children = (
				A20B937D1B40EEAC00B436DE /* CustomRefreshTests.swift */,
				A20B937B1B40EEAC00B436DE /* Supporting Files */,
			);
			path = CustomRefreshTests;
			sourceTree = "<group>";
		};
		A20B937B1B40EEAC00B436DE /* Supporting Files */ = {
			isa = PBXGroup;
			children = (
				A20B937C1B40EEAC00B436DE /* Info.plist */,
			);
			name = "Supporting Files";
			sourceTree = "<group>";
		};
/* End PBXGroup section */

/* Begin PBXNativeTarget section */
		A20B93611B40EEAC00B436DE /* CustomRefresh */ = {
			isa = PBXNativeTarget;
			buildConfigurationList = A20B93811B40EEAC00B436DE /* Build configuration list for PBXNativeTarget "CustomRefresh" */;
			buildPhases = (
				A20B935E1B40EEAC00B436DE /* Sources */,
				A20B935F1B40EEAC00B436DE /* Frameworks */,
				A20B93601B40EEAC00B436DE /* Resources */,
			);
			buildRules = (
			);
			dependencies = (
			);
			name = CustomRefresh;
			productName = CustomRefresh;
			productReference = A20B93621B40EEAC00B436DE /* CustomRefresh.app */;
			productType = "com.apple.product-type.application";
		};
		A20B93761B40EEAC00B436DE /* CustomRefreshTests */ = {
			isa = PBXNativeTarget;
			buildConfigurationList = A20B93841B40EEAC00B436DE /* Build configuration list for PBXNativeTarget "CustomRefreshTests" */;
			buildPhases = (
				A20B93731B40EEAC00B436DE /* Sources */,
				A20B93741B40EEAC00B436DE /* Frameworks */,
				A20B93751B40EEAC00B436DE /* Resources */,
			);
			buildRules = (
			);
			dependencies = (
				A20B93791B40EEAC00B436DE /* PBXTargetDependency */,
			);
			name = CustomRefreshTests;
			productName = CustomRefreshTests;
			productReference = A20B93771B40EEAC00B436DE /* CustomRefreshTests.xctest */;
			productType = "com.apple.product-type.bundle.unit-test";
		};
/* End PBXNativeTarget section */

/* Begin PBXProject section */
		A20B935A1B40EEAC00B436DE /* Project object */ = {
			isa = PBXProject;
			attributes = {
				LastUpgradeCheck = 0630;
				ORGANIZATIONNAME = "alex fallah";
				TargetAttributes = {
					A20B93611B40EEAC00B436DE = {
						CreatedOnToolsVersion = 6.3.2;
					};
					A20B93761B40EEAC00B436DE = {
						CreatedOnToolsVersion = 6.3.2;
						TestTargetID = A20B93611B40EEAC00B436DE;
					};
				};
			};
			buildConfigurationList = A20B935D1B40EEAC00B436DE /* Build configuration list for PBXProject "CustomRefresh" */;
			compatibilityVersion = "Xcode 3.2";
			developmentRegion = English;
			hasScannedForEncodings = 0;
			knownRegions = (
				en,
				Base,
			);
			mainGroup = A20B93591B40EEAC00B436DE;
			productRefGroup = A20B93631B40EEAC00B436DE /* Products */;
			projectDirPath = "";
			projectRoot = "";
			targets = (
				A20B93611B40EEAC00B436DE /* CustomRefresh */,
				A20B93761B40EEAC00B436DE /* CustomRefreshTests */,
			);
		};
/* End PBXProject section */

/* Begin PBXResourcesBuildPhase section */
		A20B93601B40EEAC00B436DE /* Resources */ = {
			isa = PBXResourcesBuildPhase;
			buildActionMask = 2147483647;
			files = (
				A20B936D1B40EEAC00B436DE /* Main.storyboard in Resources */,
				A20B93721B40EEAC00B436DE /* LaunchScreen.xib in Resources */,
				A20B936F1B40EEAC00B436DE /* Images.xcassets in Resources */,
			);
			runOnlyForDeploymentPostprocessing = 0;
		};
		A20B93751B40EEAC00B436DE /* Resources */ = {
			isa = PBXResourcesBuildPhase;
			buildActionMask = 2147483647;
			files = (
			);
			runOnlyForDeploymentPostprocessing = 0;
		};
/* End PBXResourcesBuildPhase section */

/* Begin PBXSourcesBuildPhase section */
		A20B935E1B40EEAC00B436DE /* Sources */ = {
			isa = PBXSourcesBuildPhase;
			buildActionMask = 2147483647;
			files = (
				A20B936A1B40EEAC00B436DE /* ViewController.swift in Sources */,
				A20B93681B40EEAC00B436DE /* AppDelegate.swift in Sources */,
			);
			runOnlyForDeploymentPostprocessing = 0;
		};
		A20B93731B40EEAC00B436DE /* Sources */ = {
			isa = PBXSourcesBuildPhase;
			buildActionMask = 2147483647;
			files = (
				A20B937E1B40EEAC00B436DE /* CustomRefreshTests.swift in Sources */,
			);
			runOnlyForDeploymentPostprocessing = 0;
		};
/* End PBXSourcesBuildPhase section */

/* Begin PBXTargetDependency section */
		A20B93791B40EEAC00B436DE /* PBXTargetDependency */ = {
			isa = PBXTargetDependency;
			target = A20B93611B40EEAC00B436DE /* CustomRefresh */;
			targetProxy = A20B93781B40EEAC00B436DE /* PBXContainerItemProxy */;
		};
/* End PBXTargetDependency section */

/* Begin PBXVariantGroup section */
		A20B936B1B40EEAC00B436DE /* Main.storyboard */ = {
			isa = PBXVariantGroup;
			children = (
				A20B936C1B40EEAC00B436DE /* Base */,
			);
			name = Main.storyboard;
			sourceTree = "<group>";
		};
		A20B93701B40EEAC00B436DE /* LaunchScreen.xib */ = {
			isa = PBXVariantGroup;
			children = (
				A20B93711B40EEAC00B436DE /* Base */,
			);
			name = LaunchScreen.xib;
			sourceTree = "<group>";
		};
/* End PBXVariantGroup section */

/* Begin XCBuildConfiguration section */
		A20B937F1B40EEAC00B436DE /* Debug */ = {
			isa = XCBuildConfiguration;
			buildSettings = {
				ALWAYS_SEARCH_USER_PATHS = NO;
				CLANG_CXX_LANGUAGE_STANDARD = "gnu++0x";
				CLANG_CXX_LIBRARY = "libc++";
				CLANG_ENABLE_MODULES = YES;
				CLANG_ENABLE_OBJC_ARC = YES;
				CLANG_WARN_BOOL_CONVERSION = YES;
				CLANG_WARN_CONSTANT_CONVERSION = YES;
				CLANG_WARN_DIRECT_OBJC_ISA_USAGE = YES_ERROR;
				CLANG_WARN_EMPTY_BODY = YES;
				CLANG_WARN_ENUM_CONVERSION = YES;
				CLANG_WARN_INT_CONVERSION = YES;
				CLANG_WARN_OBJC_ROOT_CLASS = YES_ERROR;
				CLANG_WARN_UNREACHABLE_CODE = YES;
				CLANG_WARN__DUPLICATE_METHOD_MATCH = YES;
				"CODE_SIGN_IDENTITY[sdk=iphoneos*]" = "iPhone Developer";
				COPY_PHASE_STRIP = NO;
				DEBUG_INFORMATION_FORMAT = "dwarf-with-dsym";
				ENABLE_STRICT_OBJC_MSGSEND = YES;
				GCC_C_LANGUAGE_STANDARD = gnu99;
				GCC_DYNAMIC_NO_PIC = NO;
				GCC_NO_COMMON_BLOCKS = YES;
				GCC_OPTIMIZATION_LEVEL = 0;
				GCC_PREPROCESSOR_DEFINITIONS = (
					"DEBUG=1",
					"$(inherited)",
				);
				GCC_SYMBOLS_PRIVATE_EXTERN = NO;
				GCC_WARN_64_TO_32_BIT_CONVERSION = YES;
				GCC_WARN_ABOUT_RETURN_TYPE = YES_ERROR;
				GCC_WARN_UNDECLARED_SELECTOR = YES;
				GCC_WARN_UNINITIALIZED_AUTOS = YES_AGGRESSIVE;
				GCC_WARN_UNUSED_FUNCTION = YES;
				GCC_WARN_UNUSED_VARIABLE = YES;
				IPHONEOS_DEPLOYMENT_TARGET = 8.3;
				MTL_ENABLE_DEBUG_INFO = YES;
				ONLY_ACTIVE_ARCH = YES;
				SDKROOT = iphoneos;
				SWIFT_OPTIMIZATION_LEVEL = "-Onone";
			};
			name = Debug;
		};
		A20B93801B40EEAC00B436DE /* Release */ = {
			isa = XCBuildConfiguration;
			buildSettings = {
				ALWAYS_SEARCH_USER_PATHS = NO;
				CLANG_CXX_LANGUAGE_STANDARD = "gnu++0x";
				CLANG_CXX_LIBRARY = "libc++";
				CLANG_ENABLE_MODULES = YES;
				CLANG_ENABLE_OBJC_ARC = YES;
				CLANG_WARN_BOOL_CONVERSION = YES;
				CLANG_WARN_CONSTANT_CONVERSION = YES;
				CLANG_WARN_DIRECT_OBJC_ISA_USAGE = YES_ERROR;
				CLANG_WARN_EMPTY_BODY = YES;
				CLANG_WARN_ENUM_CONVERSION = YES;
				CLANG_WARN_INT_CONVERSION = YES;
				CLANG_WARN_OBJC_ROOT_CLASS = YES_ERROR;
				CLANG_WARN_UNREACHABLE_CODE = YES;
				CLANG_WARN__DUPLICATE_METHOD_MATCH = YES;
				"CODE_SIGN_IDENTITY[sdk=iphoneos*]" = "iPhone Developer";
				COPY_PHASE_STRIP = NO;
				DEBUG_INFORMATION_FORMAT = "dwarf-with-dsym";
				ENABLE_NS_ASSERTIONS = NO;
				ENABLE_STRICT_OBJC_MSGSEND = YES;
				GCC_C_LANGUAGE_STANDARD = gnu99;
				GCC_NO_COMMON_BLOCKS = YES;
				GCC_WARN_64_TO_32_BIT_CONVERSION = YES;
				GCC_WARN_ABOUT_RETURN_TYPE = YES_ERROR;
				GCC_WARN_UNDECLARED_SELECTOR = YES;
				GCC_WARN_UNINITIALIZED_AUTOS = YES_AGGRESSIVE;
				GCC_WARN_UNUSED_FUNCTION = YES;
				GCC_WARN_UNUSED_VARIABLE = YES;
				IPHONEOS_DEPLOYMENT_TARGET = 8.3;
				MTL_ENABLE_DEBUG_INFO = NO;
				SDKROOT = iphoneos;
				VALIDATE_PRODUCT = YES;
			};
			name = Release;
		};
		A20B93821B40EEAC00B436DE /* Debug */ = {
			isa = XCBuildConfiguration;
			buildSettings = {
				ASSETCATALOG_COMPILER_APPICON_NAME = AppIcon;
				INFOPLIST_FILE = CustomRefresh/Info.plist;
				LD_RUNPATH_SEARCH_PATHS = "$(inherited) @executable_path/Frameworks";
				PRODUCT_NAME = "$(TARGET_NAME)";
			};
			name = Debug;
		};
		A20B93831B40EEAC00B436DE /* Release */ = {
			isa = XCBuildConfiguration;
			buildSettings = {
				ASSETCATALOG_COMPILER_APPICON_NAME = AppIcon;
				INFOPLIST_FILE = CustomRefresh/Info.plist;
				LD_RUNPATH_SEARCH_PATHS = "$(inherited) @executable_path/Frameworks";
				PRODUCT_NAME = "$(TARGET_NAME)";
			};
			name = Release;
		};
		A20B93851B40EEAC00B436DE /* Debug */ = {
			isa = XCBuildConfiguration;
			buildSettings = {
				BUNDLE_LOADER = "$(TEST_HOST)";
				FRAMEWORK_SEARCH_PATHS = (
					"$(SDKROOT)/Developer/Library/Frameworks",
					"$(inherited)",
				);
				GCC_PREPROCESSOR_DEFINITIONS = (
					"DEBUG=1",
					"$(inherited)",
				);
				INFOPLIST_FILE = CustomRefreshTests/Info.plist;
				LD_RUNPATH_SEARCH_PATHS = "$(inherited) @executable_path/Frameworks @loader_path/Frameworks";
				PRODUCT_NAME = "$(TARGET_NAME)";
				TEST_HOST = "$(BUILT_PRODUCTS_DIR)/CustomRefresh.app/CustomRefresh";
			};
			name = Debug;
		};
		A20B93861B40EEAC00B436DE /* Release */ = {
			isa = XCBuildConfiguration;
			buildSettings = {
				BUNDLE_LOADER = "$(TEST_HOST)";
				FRAMEWORK_SEARCH_PATHS = (
					"$(SDKROOT)/Developer/Library/Frameworks",
					"$(inherited)",
				);
				INFOPLIST_FILE = CustomRefreshTests/Info.plist;
				LD_RUNPATH_SEARCH_PATHS = "$(inherited) @executable_path/Frameworks @loader_path/Frameworks";
				PRODUCT_NAME = "$(TARGET_NAME)";
				TEST_HOST = "$(BUILT_PRODUCTS_DIR)/CustomRefresh.app/CustomRefresh";
			};
			name = Release;
		};
/* End XCBuildConfiguration section */

/* Begin XCConfigurationList section */
		A20B935D1B40EEAC00B436DE /* Build configuration list for PBXProject "CustomRefresh" */ = {
			isa = XCConfigurationList;
			buildConfigurations = (
				A20B937F1B40EEAC00B436DE /* Debug */,
				A20B93801B40EEAC00B436DE /* Release */,
			);
			defaultConfigurationIsVisible = 0;
			defaultConfigurationName = Release;
		};
		A20B93811B40EEAC00B436DE /* Build configuration list for PBXNativeTarget "CustomRefresh" */ = {
			isa = XCConfigurationList;
			buildConfigurations = (
				A20B93821B40EEAC00B436DE /* Debug */,
				A20B93831B40EEAC00B436DE /* Release */,
			);
			defaultConfigurationIsVisible = 0;
		};
		A20B93841B40EEAC00B436DE /* Build configuration list for PBXNativeTarget "CustomRefreshTests" */ = {
			isa = XCConfigurationList;
			buildConfigurations = (
				A20B93851B40EEAC00B436DE /* Debug */,
				A20B93861B40EEAC00B436DE /* Release */,
			);
			defaultConfigurationIsVisible = 0;
		};
/* End XCConfigurationList section */
	};
	rootObject = A20B935A1B40EEAC00B436DE /* Project object */;
}
